// !$*UTF8*$!
{
	archiveVersion = 1;
	classes = {
	};
	objectVersion = 46;
	objects = {

/* Begin PBXBuildFile section */
		59DA5E9E18E29D2D0033932D /* Foundation.framework in Frameworks */ = {isa = PBXBuildFile; fileRef = 59DA5E9D18E29D2D0033932D /* Foundation.framework */; };
		59DA5EA018E29D2D0033932D /* CoreGraphics.framework in Frameworks */ = {isa = PBXBuildFile; fileRef = 59DA5E9F18E29D2D0033932D /* CoreGraphics.framework */; };
		59DA5EA218E29D2D0033932D /* UIKit.framework in Frameworks */ = {isa = PBXBuildFile; fileRef = 59DA5EA118E29D2D0033932D /* UIKit.framework */; };
		59DA5EA818E29D2D0033932D /* InfoPlist.strings in Resources */ = {isa = PBXBuildFile; fileRef = 59DA5EA618E29D2D0033932D /* InfoPlist.strings */; };
		59DA5EAA18E29D2D0033932D /* main.m in Sources */ = {isa = PBXBuildFile; fileRef = 59DA5EA918E29D2D0033932D /* main.m */; };
		59DA5EAE18E29D2D0033932D /* IEDAppDelegate.m in Sources */ = {isa = PBXBuildFile; fileRef = 59DA5EAD18E29D2D0033932D /* IEDAppDelegate.m */; };
		59DA5EB118E29D2D0033932D /* Main.storyboard in Resources */ = {isa = PBXBuildFile; fileRef = 59DA5EAF18E29D2D0033932D /* Main.storyboard */; };
		59DA5EB418E29D2D0033932D /* IEDViewController.m in Sources */ = {isa = PBXBuildFile; fileRef = 59DA5EB318E29D2D0033932D /* IEDViewController.m */; };
		59DA5EB618E29D2D0033932D /* Images.xcassets in Resources */ = {isa = PBXBuildFile; fileRef = 59DA5EB518E29D2D0033932D /* Images.xcassets */; };
		59DA5EBD18E29D2D0033932D /* XCTest.framework in Frameworks */ = {isa = PBXBuildFile; fileRef = 59DA5EBC18E29D2D0033932D /* XCTest.framework */; };
		59DA5EBE18E29D2D0033932D /* Foundation.framework in Frameworks */ = {isa = PBXBuildFile; fileRef = 59DA5E9D18E29D2D0033932D /* Foundation.framework */; };
		59DA5EBF18E29D2D0033932D /* UIKit.framework in Frameworks */ = {isa = PBXBuildFile; fileRef = 59DA5EA118E29D2D0033932D /* UIKit.framework */; };
		59DA5EC718E29D2D0033932D /* InfoPlist.strings in Resources */ = {isa = PBXBuildFile; fileRef = 59DA5EC518E29D2D0033932D /* InfoPlist.strings */; };
		59DA5EC918E29D2D0033932D /* golfData_MRTests.m in Sources */ = {isa = PBXBuildFile; fileRef = 59DA5EC818E29D2D0033932D /* golfData_MRTests.m */; };
/* End PBXBuildFile section */

/* Begin PBXContainerItemProxy section */
		59DA5EC018E29D2D0033932D /* PBXContainerItemProxy */ = {
			isa = PBXContainerItemProxy;
			containerPortal = 59DA5E9218E29D2D0033932D /* Project object */;
			proxyType = 1;
			remoteGlobalIDString = 59DA5E9918E29D2D0033932D;
			remoteInfo = golfData_MR;
		};
/* End PBXContainerItemProxy section */

/* Begin PBXFileReference section */
		59DA5E9A18E29D2D0033932D /* golfData_MR.app */ = {isa = PBXFileReference; explicitFileType = wrapper.application; includeInIndex = 0; path = golfData_MR.app; sourceTree = BUILT_PRODUCTS_DIR; };
		59DA5E9D18E29D2D0033932D /* Foundation.framework */ = {isa = PBXFileReference; lastKnownFileType = wrapper.framework; name = Foundation.framework; path = System/Library/Frameworks/Foundation.framework; sourceTree = SDKROOT; };
		59DA5E9F18E29D2D0033932D /* CoreGraphics.framework */ = {isa = PBXFileReference; lastKnownFileType = wrapper.framework; name = CoreGraphics.framework; path = System/Library/Frameworks/CoreGraphics.framework; sourceTree = SDKROOT; };
		59DA5EA118E29D2D0033932D /* UIKit.framework */ = {isa = PBXFileReference; lastKnownFileType = wrapper.framework; name = UIKit.framework; path = System/Library/Frameworks/UIKit.framework; sourceTree = SDKROOT; };
		59DA5EA518E29D2D0033932D /* golfData_MR-Info.plist */ = {isa = PBXFileReference; lastKnownFileType = text.plist.xml; path = "golfData_MR-Info.plist"; sourceTree = "<group>"; };
		59DA5EA718E29D2D0033932D /* en */ = {isa = PBXFileReference; lastKnownFileType = text.plist.strings; name = en; path = en.lproj/InfoPlist.strings; sourceTree = "<group>"; };
		59DA5EA918E29D2D0033932D /* main.m */ = {isa = PBXFileReference; lastKnownFileType = sourcecode.c.objc; path = main.m; sourceTree = "<group>"; };
		59DA5EAB18E29D2D0033932D /* golfData_MR-Prefix.pch */ = {isa = PBXFileReference; lastKnownFileType = sourcecode.c.h; path = "golfData_MR-Prefix.pch"; sourceTree = "<group>"; };
		59DA5EAC18E29D2D0033932D /* IEDAppDelegate.h */ = {isa = PBXFileReference; lastKnownFileType = sourcecode.c.h; path = IEDAppDelegate.h; sourceTree = "<group>"; };
		59DA5EAD18E29D2D0033932D /* IEDAppDelegate.m */ = {isa = PBXFileReference; lastKnownFileType = sourcecode.c.objc; path = IEDAppDelegate.m; sourceTree = "<group>"; };
		59DA5EB018E29D2D0033932D /* Base */ = {isa = PBXFileReference; lastKnownFileType = file.storyboard; name = Base; path = Base.lproj/Main.storyboard; sourceTree = "<group>"; };
		59DA5EB218E29D2D0033932D /* IEDViewController.h */ = {isa = PBXFileReference; lastKnownFileType = sourcecode.c.h; path = IEDViewController.h; sourceTree = "<group>"; };
		59DA5EB318E29D2D0033932D /* IEDViewController.m */ = {isa = PBXFileReference; lastKnownFileType = sourcecode.c.objc; path = IEDViewController.m; sourceTree = "<group>"; };
		59DA5EB518E29D2D0033932D /* Images.xcassets */ = {isa = PBXFileReference; lastKnownFileType = folder.assetcatalog; path = Images.xcassets; sourceTree = "<group>"; };
		59DA5EBB18E29D2D0033932D /* golfData_MRTests.xctest */ = {isa = PBXFileReference; explicitFileType = wrapper.cfbundle; includeInIndex = 0; path = golfData_MRTests.xctest; sourceTree = BUILT_PRODUCTS_DIR; };
		59DA5EBC18E29D2D0033932D /* XCTest.framework */ = {isa = PBXFileReference; lastKnownFileType = wrapper.framework; name = XCTest.framework; path = Library/Frameworks/XCTest.framework; sourceTree = DEVELOPER_DIR; };
		59DA5EC418E29D2D0033932D /* golfData_MRTests-Info.plist */ = {isa = PBXFileReference; lastKnownFileType = text.plist.xml; path = "golfData_MRTests-Info.plist"; sourceTree = "<group>"; };
		59DA5EC618E29D2D0033932D /* en */ = {isa = PBXFileReference; lastKnownFileType = text.plist.strings; name = en; path = en.lproj/InfoPlist.strings; sourceTree = "<group>"; };
		59DA5EC818E29D2D0033932D /* golfData_MRTests.m */ = {isa = PBXFileReference; lastKnownFileType = sourcecode.c.objc; path = golfData_MRTests.m; sourceTree = "<group>"; };
/* End PBXFileReference section */

/* Begin PBXFrameworksBuildPhase section */
		59DA5E9718E29D2D0033932D /* Frameworks */ = {
			isa = PBXFrameworksBuildPhase;
			buildActionMask = 2147483647;
			files = (
				59DA5EA018E29D2D0033932D /* CoreGraphics.framework in Frameworks */,
				59DA5EA218E29D2D0033932D /* UIKit.framework in Frameworks */,
				59DA5E9E18E29D2D0033932D /* Foundation.framework in Frameworks */,
			);
			runOnlyForDeploymentPostprocessing = 0;
		};
		59DA5EB818E29D2D0033932D /* Frameworks */ = {
			isa = PBXFrameworksBuildPhase;
			buildActionMask = 2147483647;
			files = (
				59DA5EBD18E29D2D0033932D /* XCTest.framework in Frameworks */,
				59DA5EBF18E29D2D0033932D /* UIKit.framework in Frameworks */,
				59DA5EBE18E29D2D0033932D /* Foundation.framework in Frameworks */,
			);
			runOnlyForDeploymentPostprocessing = 0;
		};
/* End PBXFrameworksBuildPhase section */

/* Begin PBXGroup section */
		59DA5E9118E29D2D0033932D = {
			isa = PBXGroup;
			children = (
				59DA5EA318E29D2D0033932D /* golfData_MR */,
				59DA5EC218E29D2D0033932D /* golfData_MRTests */,
				59DA5E9C18E29D2D0033932D /* Frameworks */,
				59DA5E9B18E29D2D0033932D /* Products */,
			);
			sourceTree = "<group>";
		};
		59DA5E9B18E29D2D0033932D /* Products */ = {
			isa = PBXGroup;
			children = (
				59DA5E9A18E29D2D0033932D /* golfData_MR.app */,
				59DA5EBB18E29D2D0033932D /* golfData_MRTests.xctest */,
			);
			name = Products;
			sourceTree = "<group>";
		};
		59DA5E9C18E29D2D0033932D /* Frameworks */ = {
			isa = PBXGroup;
			children = (
				59DA5E9D18E29D2D0033932D /* Foundation.framework */,
				59DA5E9F18E29D2D0033932D /* CoreGraphics.framework */,
				59DA5EA118E29D2D0033932D /* UIKit.framework */,
				59DA5EBC18E29D2D0033932D /* XCTest.framework */,
			);
			name = Frameworks;
			sourceTree = "<group>";
		};
		59DA5EA318E29D2D0033932D /* golfData_MR */ = {
			isa = PBXGroup;
			children = (
				59DA5EAC18E29D2D0033932D /* IEDAppDelegate.h */,
				59DA5EAD18E29D2D0033932D /* IEDAppDelegate.m */,
				59DA5EAF18E29D2D0033932D /* Main.storyboard */,
				59DA5EB218E29D2D0033932D /* IEDViewController.h */,
				59DA5EB318E29D2D0033932D /* IEDViewController.m */,
				59DA5EB518E29D2D0033932D /* Images.xcassets */,
				59DA5EA418E29D2D0033932D /* Supporting Files */,
			);
			path = golfData_MR;
			sourceTree = "<group>";
		};
		59DA5EA418E29D2D0033932D /* Supporting Files */ = {
			isa = PBXGroup;
			children = (
				59DA5EA518E29D2D0033932D /* golfData_MR-Info.plist */,
				59DA5EA618E29D2D0033932D /* InfoPlist.strings */,
				59DA5EA918E29D2D0033932D /* main.m */,
				59DA5EAB18E29D2D0033932D /* golfData_MR-Prefix.pch */,
			);
			name = "Supporting Files";
			sourceTree = "<group>";
		};
		59DA5EC218E29D2D0033932D /* golfData_MRTests */ = {
			isa = PBXGroup;
			children = (
				59DA5EC818E29D2D0033932D /* golfData_MRTests.m */,
				59DA5EC318E29D2D0033932D /* Supporting Files */,
			);
			path = golfData_MRTests;
			sourceTree = "<group>";
		};
		59DA5EC318E29D2D0033932D /* Supporting Files */ = {
			isa = PBXGroup;
			children = (
				59DA5EC418E29D2D0033932D /* golfData_MRTests-Info.plist */,
				59DA5EC518E29D2D0033932D /* InfoPlist.strings */,
			);
			name = "Supporting Files";
			sourceTree = "<group>";
		};
/* End PBXGroup section */

/* Begin PBXNativeTarget section */
		59DA5E9918E29D2D0033932D /* golfData_MR */ = {
			isa = PBXNativeTarget;
			buildConfigurationList = 59DA5ECC18E29D2D0033932D /* Build configuration list for PBXNativeTarget "golfData_MR" */;
			buildPhases = (
				59DA5E9618E29D2D0033932D /* Sources */,
				59DA5E9718E29D2D0033932D /* Frameworks */,
				59DA5E9818E29D2D0033932D /* Resources */,
			);
			buildRules = (
			);
			dependencies = (
			);
			name = golfData_MR;
			productName = golfData_MR;
			productReference = 59DA5E9A18E29D2D0033932D /* golfData_MR.app */;
			productType = "com.apple.product-type.application";
		};
		59DA5EBA18E29D2D0033932D /* golfData_MRTests */ = {
			isa = PBXNativeTarget;
			buildConfigurationList = 59DA5ECF18E29D2D0033932D /* Build configuration list for PBXNativeTarget "golfData_MRTests" */;
			buildPhases = (
				59DA5EB718E29D2D0033932D /* Sources */,
				59DA5EB818E29D2D0033932D /* Frameworks */,
				59DA5EB918E29D2D0033932D /* Resources */,
			);
			buildRules = (
			);
			dependencies = (
				59DA5EC118E29D2D0033932D /* PBXTargetDependency */,
			);
			name = golfData_MRTests;
			productName = golfData_MRTests;
			productReference = 59DA5EBB18E29D2D0033932D /* golfData_MRTests.xctest */;
			productType = "com.apple.product-type.bundle.unit-test";
		};
/* End PBXNativeTarget section */

/* Begin PBXProject section */
		59DA5E9218E29D2D0033932D /* Project object */ = {
			isa = PBXProject;
			attributes = {
				CLASSPREFIX = IED;
				LastUpgradeCheck = 0510;
				ORGANIZATIONNAME = iEndeavour;
				TargetAttributes = {
					59DA5EBA18E29D2D0033932D = {
						TestTargetID = 59DA5E9918E29D2D0033932D;
					};
				};
			};
			buildConfigurationList = 59DA5E9518E29D2D0033932D /* Build configuration list for PBXProject "golfData_MR" */;
			compatibilityVersion = "Xcode 3.2";
			developmentRegion = English;
			hasScannedForEncodings = 0;
			knownRegions = (
				en,
				Base,
			);
			mainGroup = 59DA5E9118E29D2D0033932D;
			productRefGroup = 59DA5E9B18E29D2D0033932D /* Products */;
			projectDirPath = "";
			projectRoot = "";
			targets = (
				59DA5E9918E29D2D0033932D /* golfData_MR */,
				59DA5EBA18E29D2D0033932D /* golfData_MRTests */,
			);
		};
/* End PBXProject section */

/* Begin PBXResourcesBuildPhase section */
		59DA5E9818E29D2D0033932D /* Resources */ = {
			isa = PBXResourcesBuildPhase;
			buildActionMask = 2147483647;
			files = (
				59DA5EB618E29D2D0033932D /* Images.xcassets in Resources */,
				59DA5EA818E29D2D0033932D /* InfoPlist.strings in Resources */,
				59DA5EB118E29D2D0033932D /* Main.storyboard in Resources */,
			);
			runOnlyForDeploymentPostprocessing = 0;
		};
		59DA5EB918E29D2D0033932D /* Resources */ = {
			isa = PBXResourcesBuildPhase;
			buildActionMask = 2147483647;
			files = (
				59DA5EC718E29D2D0033932D /* InfoPlist.strings in Resources */,
			);
			runOnlyForDeploymentPostprocessing = 0;
		};
/* End PBXResourcesBuildPhase section */

/* Begin PBXSourcesBuildPhase section */
		59DA5E9618E29D2D0033932D /* Sources */ = {
			isa = PBXSourcesBuildPhase;
			buildActionMask = 2147483647;
			files = (
				59DA5EAA18E29D2D0033932D /* main.m in Sources */,
				59DA5EAE18E29D2D0033932D /* IEDAppDelegate.m in Sources */,
				59DA5EB418E29D2D0033932D /* IEDViewController.m in Sources */,
			);
			runOnlyForDeploymentPostprocessing = 0;
		};
		59DA5EB718E29D2D0033932D /* Sources */ = {
			isa = PBXSourcesBuildPhase;
			buildActionMask = 2147483647;
			files = (
				59DA5EC918E29D2D0033932D /* golfData_MRTests.m in Sources */,
			);
			runOnlyForDeploymentPostprocessing = 0;
		};
/* End PBXSourcesBuildPhase section */

/* Begin PBXTargetDependency section */
		59DA5EC118E29D2D0033932D /* PBXTargetDependency */ = {
			isa = PBXTargetDependency;
			target = 59DA5E9918E29D2D0033932D /* golfData_MR */;
			targetProxy = 59DA5EC018E29D2D0033932D /* PBXContainerItemProxy */;
		};
/* End PBXTargetDependency section */

/* Begin PBXVariantGroup section */
		59DA5EA618E29D2D0033932D /* InfoPlist.strings */ = {
			isa = PBXVariantGroup;
			children = (
				59DA5EA718E29D2D0033932D /* en */,
			);
			name = InfoPlist.strings;
			sourceTree = "<group>";
		};
		59DA5EAF18E29D2D0033932D /* Main.storyboard */ = {
			isa = PBXVariantGroup;
			children = (
				59DA5EB018E29D2D0033932D /* Base */,
			);
			name = Main.storyboard;
			sourceTree = "<group>";
		};
		59DA5EC518E29D2D0033932D /* InfoPlist.strings */ = {
			isa = PBXVariantGroup;
			children = (
				59DA5EC618E29D2D0033932D /* en */,
			);
			name = InfoPlist.strings;
			sourceTree = "<group>";
		};
/* End PBXVariantGroup section */

/* Begin XCBuildConfiguration section */
		59DA5ECA18E29D2D0033932D /* Debug */ = {
			isa = XCBuildConfiguration;
			buildSettings = {
				ALWAYS_SEARCH_USER_PATHS = NO;
				CLANG_CXX_LANGUAGE_STANDARD = "gnu++0x";
				CLANG_CXX_LIBRARY = "libc++";
				CLANG_ENABLE_MODULES = YES;
				CLANG_ENABLE_OBJC_ARC = YES;
				CLANG_WARN_BOOL_CONVERSION = YES;
				CLANG_WARN_CONSTANT_CONVERSION = YES;
				CLANG_WARN_DIRECT_OBJC_ISA_USAGE = YES_ERROR;
				CLANG_WARN_EMPTY_BODY = YES;
				CLANG_WARN_ENUM_CONVERSION = YES;
				CLANG_WARN_INT_CONVERSION = YES;
				CLANG_WARN_OBJC_ROOT_CLASS = YES_ERROR;
				CLANG_WARN__DUPLICATE_METHOD_MATCH = YES;
				"CODE_SIGN_IDENTITY[sdk=iphoneos*]" = "iPhone Developer";
				COPY_PHASE_STRIP = NO;
				GCC_C_LANGUAGE_STANDARD = gnu99;
				GCC_DYNAMIC_NO_PIC = NO;
				GCC_OPTIMIZATION_LEVEL = 0;
				GCC_PREPROCESSOR_DEFINITIONS = (
					"DEBUG=1",
					"$(inherited)",
				);
				GCC_SYMBOLS_PRIVATE_EXTERN = NO;
				GCC_WARN_64_TO_32_BIT_CONVERSION = YES;
				GCC_WARN_ABOUT_RETURN_TYPE = YES_ERROR;
				GCC_WARN_UNDECLARED_SELECTOR = YES;
				GCC_WARN_UNINITIALIZED_AUTOS = YES_AGGRESSIVE;
				GCC_WARN_UNUSED_FUNCTION = YES;
				GCC_WARN_UNUSED_VARIABLE = YES;
				IPHONEOS_DEPLOYMENT_TARGET = 7.1;
				ONLY_ACTIVE_ARCH = YES;
				SDKROOT = iphoneos;
			};
			name = Debug;
		};
		59DA5ECB18E29D2D0033932D /* Release */ = {
			isa = XCBuildConfiguration;
			buildSettings = {
				ALWAYS_SEARCH_USER_PATHS = NO;
				CLANG_CXX_LANGUAGE_STANDARD = "gnu++0x";
				CLANG_CXX_LIBRARY = "libc++";
				CLANG_ENABLE_MODULES = YES;
				CLANG_ENABLE_OBJC_ARC = YES;
				CLANG_WARN_BOOL_CONVERSION = YES;
				CLANG_WARN_CONSTANT_CONVERSION = YES;
				CLANG_WARN_DIRECT_OBJC_ISA_USAGE = YES_ERROR;
				CLANG_WARN_EMPTY_BODY = YES;
				CLANG_WARN_ENUM_CONVERSION = YES;
				CLANG_WARN_INT_CONVERSION = YES;
				CLANG_WARN_OBJC_ROOT_CLASS = YES_ERROR;
				CLANG_WARN__DUPLICATE_METHOD_MATCH = YES;
				"CODE_SIGN_IDENTITY[sdk=iphoneos*]" = "iPhone Developer";
				COPY_PHASE_STRIP = YES;
				ENABLE_NS_ASSERTIONS = NO;
				GCC_C_LANGUAGE_STANDARD = gnu99;
				GCC_WARN_64_TO_32_BIT_CONVERSION = YES;
				GCC_WARN_ABOUT_RETURN_TYPE = YES_ERROR;
				GCC_WARN_UNDECLARED_SELECTOR = YES;
				GCC_WARN_UNINITIALIZED_AUTOS = YES_AGGRESSIVE;
				GCC_WARN_UNUSED_FUNCTION = YES;
				GCC_WARN_UNUSED_VARIABLE = YES;
				IPHONEOS_DEPLOYMENT_TARGET = 7.1;
				SDKROOT = iphoneos;
				VALIDATE_PRODUCT = YES;
			};
			name = Release;
		};
		59DA5ECD18E29D2D0033932D /* Debug */ = {
			isa = XCBuildConfiguration;
			buildSettings = {
				ASSETCATALOG_COMPILER_APPICON_NAME = AppIcon;
				ASSETCATALOG_COMPILER_LAUNCHIMAGE_NAME = LaunchImage;
				GCC_PRECOMPILE_PREFIX_HEADER = YES;
				GCC_PREFIX_HEADER = "golfData_MR/golfData_MR-Prefix.pch";
				INFOPLIST_FILE = "golfData_MR/golfData_MR-Info.plist";
				PRODUCT_NAME = "$(TARGET_NAME)";
				WRAPPER_EXTENSION = app;
			};
			name = Debug;
		};
		59DA5ECE18E29D2D0033932D /* Release */ = {
			isa = XCBuildConfiguration;
			buildSettings = {
				ASSETCATALOG_COMPILER_APPICON_NAME = AppIcon;
				ASSETCATALOG_COMPILER_LAUNCHIMAGE_NAME = LaunchImage;
				GCC_PRECOMPILE_PREFIX_HEADER = YES;
				GCC_PREFIX_HEADER = "golfData_MR/golfData_MR-Prefix.pch";
				INFOPLIST_FILE = "golfData_MR/golfData_MR-Info.plist";
				PRODUCT_NAME = "$(TARGET_NAME)";
				WRAPPER_EXTENSION = app;
			};
			name = Release;
		};
		59DA5ED018E29D2D0033932D /* Debug */ = {
			isa = XCBuildConfiguration;
			buildSettings = {
				BUNDLE_LOADER = "$(BUILT_PRODUCTS_DIR)/golfData_MR.app/golfData_MR";
				FRAMEWORK_SEARCH_PATHS = (
					"$(SDKROOT)/Developer/Library/Frameworks",
					"$(inherited)",
					"$(DEVELOPER_FRAMEWORKS_DIR)",
				);
				GCC_PRECOMPILE_PREFIX_HEADER = YES;
				GCC_PREFIX_HEADER = "golfData_MR/golfData_MR-Prefix.pch";
				GCC_PREPROCESSOR_DEFINITIONS = (
					"DEBUG=1",
					"$(inherited)",
				);
				INFOPLIST_FILE = "golfData_MRTests/golfData_MRTests-Info.plist";
				PRODUCT_NAME = "$(TARGET_NAME)";
				TEST_HOST = "$(BUNDLE_LOADER)";
				WRAPPER_EXTENSION = xctest;
			};
			name = Debug;
		};
		59DA5ED118E29D2D0033932D /* Release */ = {
			isa = XCBuildConfiguration;
			buildSettings = {
				BUNDLE_LOADER = "$(BUILT_PRODUCTS_DIR)/golfData_MR.app/golfData_MR";
				FRAMEWORK_SEARCH_PATHS = (
					"$(SDKROOT)/Developer/Library/Frameworks",
					"$(inherited)",
					"$(DEVELOPER_FRAMEWORKS_DIR)",
				);
				GCC_PRECOMPILE_PREFIX_HEADER = YES;
				GCC_PREFIX_HEADER = "golfData_MR/golfData_MR-Prefix.pch";
				INFOPLIST_FILE = "golfData_MRTests/golfData_MRTests-Info.plist";
				PRODUCT_NAME = "$(TARGET_NAME)";
				TEST_HOST = "$(BUNDLE_LOADER)";
				WRAPPER_EXTENSION = xctest;
			};
			name = Release;
		};
/* End XCBuildConfiguration section */

/* Begin XCConfigurationList section */
		59DA5E9518E29D2D0033932D /* Build configuration list for PBXProject "golfData_MR" */ = {
			isa = XCConfigurationList;
			buildConfigurations = (
				59DA5ECA18E29D2D0033932D /* Debug */,
				59DA5ECB18E29D2D0033932D /* Release */,
			);
			defaultConfigurationIsVisible = 0;
			defaultConfigurationName = Release;
		};
		59DA5ECC18E29D2D0033932D /* Build configuration list for PBXNativeTarget "golfData_MR" */ = {
			isa = XCConfigurationList;
			buildConfigurations = (
				59DA5ECD18E29D2D0033932D /* Debug */,
				59DA5ECE18E29D2D0033932D /* Release */,
			);
			defaultConfigurationIsVisible = 0;
		};
		59DA5ECF18E29D2D0033932D /* Build configuration list for PBXNativeTarget "golfData_MRTests" */ = {
			isa = XCConfigurationList;
			buildConfigurations = (
				59DA5ED018E29D2D0033932D /* Debug */,
				59DA5ED118E29D2D0033932D /* Release */,
			);
			defaultConfigurationIsVisible = 0;
		};
/* End XCConfigurationList section */
	};
	rootObject = 59DA5E9218E29D2D0033932D /* Project object */;
}
